
Microsoft Visual Studio Solution File, Format Version 12.00
# Visual Studio Version 17
VisualStudioVersion = 17.8.34511.84
MinimumVisualStudioVersion = 10.0.40219.1
Project("{FAE04EC0-301F-11D3-BF4B-00C04F79EFBC}") = "MyWebsite", "MyWebsite\MyWebsite.csproj", "{AA8F72E2-7240-420F-B95B-8E086508F335}"
EndProject
Global
	GlobalSection(SolutionConfigurationPlatforms) = preSolution
		Debug|Any CPU = Debug|Any CPU
		Release|Any CPU = Release|Any CPU
	EndGlobalSection
	GlobalSection(ProjectConfigurationPlatforms) = postSolution
		{AA8F72E2-7240-420F-B95B-8E086508F335}.Debug|Any CPU.ActiveCfg = Debug|Any CPU
		{AA8F72E2-7240-420F-B95B-8E086508F335}.Debug|Any CPU.Build.0 = Debug|Any CPU
		{AA8F72E2-7240-420F-B95B-8E086508F335}.Release|Any CPU.ActiveCfg = Release|Any CPU
		{AA8F72E2-7240-420F-B95B-8E086508F335}.Release|Any CPU.Build.0 = Release|Any CPU
	EndGlobalSection
	GlobalSection(SolutionProperties) = preSolution
		HideSolutionNode = FALSE
	EndGlobalSection
	GlobalSection(ExtensibilityGlobals) = postSolution
		SolutionGuid = {F77981B0-8B2B-4EFD-9A9F-FE9B28804A8A}
	EndGlobalSection
EndGlobal
